dependencies:
- condition: ""
  enabled: false
  import-values: null
  name: mysql
  repository: https://storage.googleapis.com/kubernetes-charts/
  tags: null
  version: 0.2.6
- condition: ""
  enabled: false
  import-values: null
  name: redis
  repository: https://storage.googleapis.com/kubernetes-charts/
  tags: null
  version: 0.6.0
digest: sha256:b6bc2392287874dc796ba139ac3a90405a93b276e103ab71c3b998458395f0ae
generated: 2017-06-05T12:35:29.494089562+02:00
