dependencies:
- condition: ""
  enabled: false
  import-values: null
  name: mysql
  repository: https://storage.googleapis.com/kubernetes-charts/
  tags: null
  version: 0.2.6
digest: sha256:efb3bd7fda5e5fdbe33958e1f5aeb9bca3fdd8bd6a5a7b9586eced49f0cb73b8
generated: 2017-06-03T16:26:49.496791006+02:00
